Microsoft Visual Studio Solution File, Format Version 12.00
# Visual Studio Version 16
VisualStudioVersion = 16.0.29020.237
MinimumVisualStudioVersion = 10.0.40219.1
Project("{2150E333-8FDC-42A3-9474-1A3956D46DE8}") = "Solution Items", "Solution Items", "{A181C943-2E01-454D-9008-2E3C53AA09CC}"
	ProjectSection(SolutionItems) = preProject
		BUILDING.md = BUILDING.md
		Infer.snk = Infer.snk
		README.md = README.md
		TestRunConfig1.testrunconfig = TestRunConfig1.testrunconfig
	EndProjectSection
	ProjectSection(FolderStartupServices) = postProject
		{B4F97281-0DBD-4835-9ED8-7DFB966E87FF} = {B4F97281-0DBD-4835-9ED8-7DFB966E87FF}
	EndProjectSection
EndProject
Project("{9A19103F-16F7-4668-BE54-9A1E7A4F7556}") = "TestApp", "test\TestApp\TestApp.csproj", "{2A61553C-A089-4310-AA63-BC130C1AEE6E}"
EndProject
Project("{9A19103F-16F7-4668-BE54-9A1E7A4F7556}") = "Tests", "test\Tests\Tests.csproj", "{CEFE65E8-29F8-4B2E-809B-96D7DA924430}"
EndProject
Project("{9A19103F-16F7-4668-BE54-9A1E7A4F7556}") = "Tutorials", "src\Tutorials\Tutorials.csproj", "{04787AC6-CAC0-4D77-8C4A-2EA66C3CBE3C}"
	ProjectSection(ProjectDependencies) = postProject
		{FB669026-E1C8-417F-962B-D8235A3DA2D3} = {FB669026-E1C8-417F-962B-D8235A3DA2D3}
		{6DF146DD-6CE4-40B9-9B89-5E7DFAA54B14} = {6DF146DD-6CE4-40B9-9B89-5E7DFAA54B14}
		{DF2DB4DE-A48C-4309-B867-CDE55512BB72} = {DF2DB4DE-A48C-4309-B867-CDE55512BB72}
	EndProjectSection
EndProject
Project("{9A19103F-16F7-4668-BE54-9A1E7A4F7556}") = "Runtime", "src\Runtime\Runtime.csproj", "{DF2DB4DE-A48C-4309-B867-CDE55512BB72}"
EndProject
Project("{9A19103F-16F7-4668-BE54-9A1E7A4F7556}") = "Compiler", "src\Compiler\Compiler.csproj", "{6DF146DD-6CE4-40B9-9B89-5E7DFAA54B14}"
EndProject
Project("{9A19103F-16F7-4668-BE54-9A1E7A4F7556}") = "TestPublic", "test\TestPublic\TestPublic.csproj", "{2D65E625-54CE-4946-98E2-22427B47F186}"
EndProject
Project("{6EC3EE1D-3C4E-46DD-8F32-0CC8E7565705}") = "FSharpWrapper", "src\FSharpWrapper\FSharpWrapper.fsproj", "{F8F34F1F-F222-4792-9BF8-D6AB3018E6F5}"
EndProject
Project("{6EC3EE1D-3C4E-46DD-8F32-0CC8E7565705}") = "TestFSharp", "test\TestFSharp\TestFSharp.fsproj", "{945BA80B-A7F7-450B-AE93-9FA2F7617442}"
EndProject
Project("{2150E333-8FDC-42A3-9474-1A3956D46DE8}") = "Examples", "Examples", "{DC5F5BC4-CDB0-41F7-8B03-CD4C38C8DEB2}"
EndProject
Project("{9A19103F-16F7-4668-BE54-9A1E7A4F7556}") = "ClickThroughModel", "src\Examples\ClickThroughModel\ClickThroughModel.csproj", "{33D86EA2-2161-4EF0-8F17-59602296273C}"
EndProject
Project("{9A19103F-16F7-4668-BE54-9A1E7A4F7556}") = "ClinicalTrial", "src\Examples\ClinicalTrial\ClinicalTrial.csproj", "{B517BBF2-60E6-4C69-885A-AE5C014D877B}"
EndProject
Project("{9A19103F-16F7-4668-BE54-9A1E7A4F7556}") = "InferNET101", "src\Examples\InferNET101\InferNET101.csproj", "{52D174E7-2407-4FC1-9DDA-4D9D14F18618}"
EndProject
Project("{9A19103F-16F7-4668-BE54-9A1E7A4F7556}") = "MontyHall", "src\Examples\MontyHall\MontyHall.csproj", "{6139CF19-0190-4ED5-AEE3-D3CE7458E517}"
EndProject
Project("{9A19103F-16F7-4668-BE54-9A1E7A4F7556}") = "MotifFinder", "src\Examples\MotifFinder\MotifFinder.csproj", "{D2A7B5F5-8D33-45AC-9776-07C23F5859BB}"
EndProject
Project("{9A19103F-16F7-4668-BE54-9A1E7A4F7556}") = "Image_Classifier", "src\Examples\ImageClassifier\Image_Classifier.csproj", "{87D09BD4-119E-49C1-B0B4-86DF962A00EE}"
EndProject
Project("{9A19103F-16F7-4668-BE54-9A1E7A4F7556}") = "LDA", "src\Examples\LDA\LDA.csproj", "{6FF3E672-378C-4D61-B4CA-A5A5E01C2563}"
EndProject
Project("{9A19103F-16F7-4668-BE54-9A1E7A4F7556}") = "Csoft", "src\Csoft\Csoft.csproj", "{5B669C82-B04C-4DD6-8CE6-47D025D98777}"
EndProject
Project("{2150E333-8FDC-42A3-9474-1A3956D46DE8}") = "Learners", "Learners", "{2964BB90-4E6D-49ED-AA35-645D94337C76}"
EndProject
Project("{2150E333-8FDC-42A3-9474-1A3956D46DE8}") = "Runners", "Runners", "{3DB795A6-5FE8-447C-89B9-9E608285C6F8}"
EndProject
Project("{9A19103F-16F7-4668-BE54-9A1E7A4F7556}") = "CommandLine", "src\Learners\Runners\CommandLine\CommandLine.csproj", "{10FD3E08-53E8-42B2-8E4F-A5C23DEE3B96}"
EndProject
Project("{9A19103F-16F7-4668-BE54-9A1E7A4F7556}") = "Common", "src\Learners\Runners\Common\Common.csproj", "{25D28099-E338-4543-B1DE-261439654CA6}"
EndProject
Project("{9A19103F-16F7-4668-BE54-9A1E7A4F7556}") = "Evaluator", "src\Learners\Runners\Evaluator\Evaluator.csproj", "{040FA938-BE24-4391-86BA-D04B331A787A}"
EndProject
Project("{9A19103F-16F7-4668-BE54-9A1E7A4F7556}") = "Classifier", "src\Learners\Classifier\Classifier.csproj", "{07E9E91D-6593-4FF9-A266-270ED5241C98}"
	ProjectSection(ProjectDependencies) = postProject
		{3207C90B-DB71-4293-8974-0795863C076B} = {3207C90B-DB71-4293-8974-0795863C076B}
	EndProjectSection
EndProject
Project("{9A19103F-16F7-4668-BE54-9A1E7A4F7556}") = "ClassifierModels", "src\Learners\ClassifierModels\ClassifierModels.csproj", "{3207C90B-DB71-4293-8974-0795863C076B}"
EndProject
Project("{9A19103F-16F7-4668-BE54-9A1E7A4F7556}") = "Core", "src\Learners\Core\Core.csproj", "{29A1A83E-51DC-4409-B29B-CDE7D65A1EF8}"
EndProject
Project("{9A19103F-16F7-4668-BE54-9A1E7A4F7556}") = "Recommender", "src\Learners\Recommender\Recommender.csproj", "{5AB7D09F-5F98-465E-AB9D-07014F1DBC3F}"
	ProjectSection(ProjectDependencies) = postProject
		{8D4D5502-4321-46A5-975B-C20BD745FC06} = {8D4D5502-4321-46A5-975B-C20BD745FC06}
	EndProjectSection
EndProject
Project("{9A19103F-16F7-4668-BE54-9A1E7A4F7556}") = "RecommenderModels", "src\Learners\RecommenderModels\RecommenderModels.csproj", "{8D4D5502-4321-46A5-975B-C20BD745FC06}"
EndProject
Project("{9A19103F-16F7-4668-BE54-9A1E7A4F7556}") = "TestApp", "test\Learners\TestApp\TestApp.csproj", "{E2409457-2BA1-47C8-B53B-CE712896FE6E}"
EndProject
Project("{9A19103F-16F7-4668-BE54-9A1E7A4F7556}") = "LearnersTests", "test\Learners\LearnersTests\LearnersTests.csproj", "{7A774F1F-31D6-4D7F-90D5-9C4F387D2EEE}"
EndProject
Project("{9A19103F-16F7-4668-BE54-9A1E7A4F7556}") = "Visualizers.Windows", "src\Visualizers\Windows\Visualizers.Windows.csproj", "{FB669026-E1C8-417F-962B-D8235A3DA2D3}"
EndProject
Project("{9A19103F-16F7-4668-BE54-9A1E7A4F7556}") = "Tools.BuildFactorDoc", "src\Tools\BuildFactorDoc\Tools.BuildFactorDoc.csproj", "{AE934C82-F869-427F-A926-6A54BEBFD12D}"
EndProject
Project("{9A19103F-16F7-4668-BE54-9A1E7A4F7556}") = "Tools.PrepareSource", "src\Tools\PrepareSource\Tools.PrepareSource.csproj", "{8342B783-EEBE-4DE9-9AA0-77C074E3869E}"
EndProject
Project("{9A19103F-16F7-4668-BE54-9A1E7A4F7556}") = "Crowdsourcing", "src\Examples\Crowdsourcing\Crowdsourcing.csproj", "{816CD64D-7189-46E3-8C54-D4ED4C0BB758}"
EndProject
Project("{9A19103F-16F7-4668-BE54-9A1E7A4F7556}") = "CrowdsourcingWithWords", "src\Examples\CrowdsourcingWithWords\CrowdsourcingWithWords.csproj", "{6563C4C6-411E-4D67-B458-830AD9B311D2}"
EndProject
Project("{9A19103F-16F7-4668-BE54-9A1E7A4F7556}") = "ReviewerCalibration", "src\Examples\ReviewerCalibration\ReviewerCalibration.csproj", "{7D7EA3FD-8D1A-4E07-B34C-5B2B86CAFCAA}"
EndProject
Project("{9A19103F-16F7-4668-BE54-9A1E7A4F7556}") = "RobustGaussianProcess", "src\Examples\RobustGaussianProcess\RobustGaussianProcess.csproj", "{62719C63-ECED-49CD-B73C-6DAF2A18033B}"
EndProject
Project("{9A19103F-16F7-4668-BE54-9A1E7A4F7556}") = "LearnersNuGet", "src\Learners\LearnersNuGet\LearnersNuGet.csproj", "{6BC792EE-0436-494E-9F0C-63A3822320D0}"
EndProject
Project("{888888A0-9F3D-457C-B088-3A5042F75D52}") = "Tools.PythonScripts", "src\Tools\PythonScripts\Tools.PythonScripts.pyproj", "{D7562CC3-D48A-481D-B40C-07EE51EBBF50}"
EndProject
Project("{888888A0-9F3D-457C-B088-3A5042F75D52}") = "TestPython", "test\TestPython\TestPython.pyproj", "{79B39D08-DF06-47B8-B7EE-15E30EB9A209}"
EndProject
Project("{2150E333-8FDC-42A3-9474-1A3956D46DE8}") = "build", "build", "{5759CC85-729E-479A-BF7E-8A0B8937B123}"
	ProjectSection(SolutionItems) = preProject
		build\all-compiler-options.yml = build\all-compiler-options.yml
		build\common.props = build\common.props
		build\copyassemblies.sh = build\copyassemblies.sh
		build\evaluator-netcore.yml = build\evaluator-netcore.yml
		build\evaluator-netframework.yml = build\evaluator-netframework.yml
		test\monotest.sh = test\monotest.sh
		build\netcoretest-fast.yml = build\netcoretest-fast.yml
		test\netcoretest.sh = test\netcoretest.sh
		build\nightly-netcore.yml = build\nightly-netcore.yml
		build\nightly-windows.yml = build\nightly-windows.yml
		build\nuget-properties.props = build\nuget-properties.props
		build\pr-factordocs.yml = build\pr-factordocs.yml
		build\pr-msbuild.yml = build\pr-msbuild.yml
		build\pr-netcore.yml = build\pr-netcore.yml
		build\release.yml = build\release.yml
		build\sign.proj = build\sign.proj
		build\updateversion.sh = build\updateversion.sh
		build\vstest-fast.yml = build\vstest-fast.yml
		build\windows-msbuild.yml = build\windows-msbuild.yml
	EndProjectSection
EndProject
Project("{9A19103F-16F7-4668-BE54-9A1E7A4F7556}") = "TestAllCompilerOptions", "test\TestAllCompilerOptions\TestAllCompilerOptions.csproj", "{5A3A6D71-03FF-44CC-92CD-C0977B592F8E}"
EndProject
Global
	GlobalSection(SolutionConfigurationPlatforms) = preSolution
		Debug|Any CPU = Debug|Any CPU
		DebugCore|Any CPU = DebugCore|Any CPU
		DebugFull|Any CPU = DebugFull|Any CPU
		Release|Any CPU = Release|Any CPU
		ReleaseCore|Any CPU = ReleaseCore|Any CPU
		ReleaseFull|Any CPU = ReleaseFull|Any CPU
	EndGlobalSection
	GlobalSection(ProjectConfigurationPlatforms) = postSolution
		{2A61553C-A089-4310-AA63-BC130C1AEE6E}.Debug|Any CPU.ActiveCfg = Debug|Any CPU
		{2A61553C-A089-4310-AA63-BC130C1AEE6E}.Debug|Any CPU.Build.0 = Debug|Any CPU
		{2A61553C-A089-4310-AA63-BC130C1AEE6E}.DebugCore|Any CPU.ActiveCfg = DebugCore|Any CPU
		{2A61553C-A089-4310-AA63-BC130C1AEE6E}.DebugCore|Any CPU.Build.0 = DebugCore|Any CPU
		{2A61553C-A089-4310-AA63-BC130C1AEE6E}.DebugFull|Any CPU.ActiveCfg = DebugFull|Any CPU
		{2A61553C-A089-4310-AA63-BC130C1AEE6E}.DebugFull|Any CPU.Build.0 = DebugFull|Any CPU
		{2A61553C-A089-4310-AA63-BC130C1AEE6E}.Release|Any CPU.ActiveCfg = Release|Any CPU
		{2A61553C-A089-4310-AA63-BC130C1AEE6E}.Release|Any CPU.Build.0 = Release|Any CPU
		{2A61553C-A089-4310-AA63-BC130C1AEE6E}.ReleaseCore|Any CPU.ActiveCfg = ReleaseCore|Any CPU
		{2A61553C-A089-4310-AA63-BC130C1AEE6E}.ReleaseCore|Any CPU.Build.0 = ReleaseCore|Any CPU
		{2A61553C-A089-4310-AA63-BC130C1AEE6E}.ReleaseFull|Any CPU.ActiveCfg = ReleaseFull|Any CPU
		{2A61553C-A089-4310-AA63-BC130C1AEE6E}.ReleaseFull|Any CPU.Build.0 = ReleaseFull|Any CPU
		{CEFE65E8-29F8-4B2E-809B-96D7DA924430}.Debug|Any CPU.ActiveCfg = Debug|Any CPU
		{CEFE65E8-29F8-4B2E-809B-96D7DA924430}.Debug|Any CPU.Build.0 = Debug|Any CPU
		{CEFE65E8-29F8-4B2E-809B-96D7DA924430}.DebugCore|Any CPU.ActiveCfg = DebugCore|Any CPU
		{CEFE65E8-29F8-4B2E-809B-96D7DA924430}.DebugCore|Any CPU.Build.0 = DebugCore|Any CPU
		{CEFE65E8-29F8-4B2E-809B-96D7DA924430}.DebugFull|Any CPU.ActiveCfg = DebugFull|Any CPU
		{CEFE65E8-29F8-4B2E-809B-96D7DA924430}.DebugFull|Any CPU.Build.0 = DebugFull|Any CPU
		{CEFE65E8-29F8-4B2E-809B-96D7DA924430}.Release|Any CPU.ActiveCfg = Release|Any CPU
		{CEFE65E8-29F8-4B2E-809B-96D7DA924430}.Release|Any CPU.Build.0 = Release|Any CPU
		{CEFE65E8-29F8-4B2E-809B-96D7DA924430}.ReleaseCore|Any CPU.ActiveCfg = ReleaseCore|Any CPU
		{CEFE65E8-29F8-4B2E-809B-96D7DA924430}.ReleaseCore|Any CPU.Build.0 = ReleaseCore|Any CPU
		{CEFE65E8-29F8-4B2E-809B-96D7DA924430}.ReleaseFull|Any CPU.ActiveCfg = ReleaseFull|Any CPU
		{CEFE65E8-29F8-4B2E-809B-96D7DA924430}.ReleaseFull|Any CPU.Build.0 = ReleaseFull|Any CPU
		{04787AC6-CAC0-4D77-8C4A-2EA66C3CBE3C}.Debug|Any CPU.ActiveCfg = Debug|Any CPU
		{04787AC6-CAC0-4D77-8C4A-2EA66C3CBE3C}.Debug|Any CPU.Build.0 = Debug|Any CPU
		{04787AC6-CAC0-4D77-8C4A-2EA66C3CBE3C}.DebugCore|Any CPU.ActiveCfg = DebugCore|Any CPU
		{04787AC6-CAC0-4D77-8C4A-2EA66C3CBE3C}.DebugCore|Any CPU.Build.0 = DebugCore|Any CPU
		{04787AC6-CAC0-4D77-8C4A-2EA66C3CBE3C}.DebugFull|Any CPU.ActiveCfg = DebugFull|Any CPU
		{04787AC6-CAC0-4D77-8C4A-2EA66C3CBE3C}.DebugFull|Any CPU.Build.0 = DebugFull|Any CPU
		{04787AC6-CAC0-4D77-8C4A-2EA66C3CBE3C}.Release|Any CPU.ActiveCfg = Release|Any CPU
		{04787AC6-CAC0-4D77-8C4A-2EA66C3CBE3C}.Release|Any CPU.Build.0 = Release|Any CPU
		{04787AC6-CAC0-4D77-8C4A-2EA66C3CBE3C}.ReleaseCore|Any CPU.ActiveCfg = ReleaseCore|Any CPU
		{04787AC6-CAC0-4D77-8C4A-2EA66C3CBE3C}.ReleaseCore|Any CPU.Build.0 = ReleaseCore|Any CPU
		{04787AC6-CAC0-4D77-8C4A-2EA66C3CBE3C}.ReleaseFull|Any CPU.ActiveCfg = ReleaseFull|Any CPU
		{04787AC6-CAC0-4D77-8C4A-2EA66C3CBE3C}.ReleaseFull|Any CPU.Build.0 = ReleaseFull|Any CPU
		{DF2DB4DE-A48C-4309-B867-CDE55512BB72}.Debug|Any CPU.ActiveCfg = Debug|Any CPU
		{DF2DB4DE-A48C-4309-B867-CDE55512BB72}.Debug|Any CPU.Build.0 = Debug|Any CPU
		{DF2DB4DE-A48C-4309-B867-CDE55512BB72}.DebugCore|Any CPU.ActiveCfg = Debug|Any CPU
		{DF2DB4DE-A48C-4309-B867-CDE55512BB72}.DebugCore|Any CPU.Build.0 = Debug|Any CPU
		{DF2DB4DE-A48C-4309-B867-CDE55512BB72}.DebugFull|Any CPU.ActiveCfg = Debug|Any CPU
		{DF2DB4DE-A48C-4309-B867-CDE55512BB72}.DebugFull|Any CPU.Build.0 = Debug|Any CPU
		{DF2DB4DE-A48C-4309-B867-CDE55512BB72}.Release|Any CPU.ActiveCfg = Release|Any CPU
		{DF2DB4DE-A48C-4309-B867-CDE55512BB72}.Release|Any CPU.Build.0 = Release|Any CPU
		{DF2DB4DE-A48C-4309-B867-CDE55512BB72}.ReleaseCore|Any CPU.ActiveCfg = Release|Any CPU
		{DF2DB4DE-A48C-4309-B867-CDE55512BB72}.ReleaseCore|Any CPU.Build.0 = Release|Any CPU
		{DF2DB4DE-A48C-4309-B867-CDE55512BB72}.ReleaseFull|Any CPU.ActiveCfg = Release|Any CPU
		{DF2DB4DE-A48C-4309-B867-CDE55512BB72}.ReleaseFull|Any CPU.Build.0 = Release|Any CPU
		{6DF146DD-6CE4-40B9-9B89-5E7DFAA54B14}.Debug|Any CPU.ActiveCfg = Debug|Any CPU
		{6DF146DD-6CE4-40B9-9B89-5E7DFAA54B14}.Debug|Any CPU.Build.0 = Debug|Any CPU
		{6DF146DD-6CE4-40B9-9B89-5E7DFAA54B14}.DebugCore|Any CPU.ActiveCfg = Debug|Any CPU
		{6DF146DD-6CE4-40B9-9B89-5E7DFAA54B14}.DebugCore|Any CPU.Build.0 = Debug|Any CPU
		{6DF146DD-6CE4-40B9-9B89-5E7DFAA54B14}.DebugFull|Any CPU.ActiveCfg = Debug|Any CPU
		{6DF146DD-6CE4-40B9-9B89-5E7DFAA54B14}.DebugFull|Any CPU.Build.0 = Debug|Any CPU
		{6DF146DD-6CE4-40B9-9B89-5E7DFAA54B14}.Release|Any CPU.ActiveCfg = Release|Any CPU
		{6DF146DD-6CE4-40B9-9B89-5E7DFAA54B14}.Release|Any CPU.Build.0 = Release|Any CPU
		{6DF146DD-6CE4-40B9-9B89-5E7DFAA54B14}.ReleaseCore|Any CPU.ActiveCfg = Release|Any CPU
		{6DF146DD-6CE4-40B9-9B89-5E7DFAA54B14}.ReleaseCore|Any CPU.Build.0 = Release|Any CPU
		{6DF146DD-6CE4-40B9-9B89-5E7DFAA54B14}.ReleaseFull|Any CPU.ActiveCfg = Release|Any CPU
		{6DF146DD-6CE4-40B9-9B89-5E7DFAA54B14}.ReleaseFull|Any CPU.Build.0 = Release|Any CPU
		{2D65E625-54CE-4946-98E2-22427B47F186}.Debug|Any CPU.ActiveCfg = Debug|Any CPU
		{2D65E625-54CE-4946-98E2-22427B47F186}.Debug|Any CPU.Build.0 = Debug|Any CPU
		{2D65E625-54CE-4946-98E2-22427B47F186}.DebugCore|Any CPU.ActiveCfg = DebugCore|Any CPU
		{2D65E625-54CE-4946-98E2-22427B47F186}.DebugCore|Any CPU.Build.0 = DebugCore|Any CPU
		{2D65E625-54CE-4946-98E2-22427B47F186}.DebugFull|Any CPU.ActiveCfg = DebugFull|Any CPU
		{2D65E625-54CE-4946-98E2-22427B47F186}.DebugFull|Any CPU.Build.0 = DebugFull|Any CPU
		{2D65E625-54CE-4946-98E2-22427B47F186}.Release|Any CPU.ActiveCfg = Release|Any CPU
		{2D65E625-54CE-4946-98E2-22427B47F186}.Release|Any CPU.Build.0 = Release|Any CPU
		{2D65E625-54CE-4946-98E2-22427B47F186}.ReleaseCore|Any CPU.ActiveCfg = ReleaseCore|Any CPU
		{2D65E625-54CE-4946-98E2-22427B47F186}.ReleaseCore|Any CPU.Build.0 = ReleaseCore|Any CPU
		{2D65E625-54CE-4946-98E2-22427B47F186}.ReleaseFull|Any CPU.ActiveCfg = ReleaseFull|Any CPU
		{2D65E625-54CE-4946-98E2-22427B47F186}.ReleaseFull|Any CPU.Build.0 = ReleaseFull|Any CPU
		{F8F34F1F-F222-4792-9BF8-D6AB3018E6F5}.Debug|Any CPU.ActiveCfg = Debug|Any CPU
		{F8F34F1F-F222-4792-9BF8-D6AB3018E6F5}.Debug|Any CPU.Build.0 = Debug|Any CPU
		{F8F34F1F-F222-4792-9BF8-D6AB3018E6F5}.DebugCore|Any CPU.ActiveCfg = Debug|Any CPU
		{F8F34F1F-F222-4792-9BF8-D6AB3018E6F5}.DebugCore|Any CPU.Build.0 = Debug|Any CPU
		{F8F34F1F-F222-4792-9BF8-D6AB3018E6F5}.DebugFull|Any CPU.ActiveCfg = Debug|Any CPU
		{F8F34F1F-F222-4792-9BF8-D6AB3018E6F5}.DebugFull|Any CPU.Build.0 = Debug|Any CPU
		{F8F34F1F-F222-4792-9BF8-D6AB3018E6F5}.Release|Any CPU.ActiveCfg = Release|Any CPU
		{F8F34F1F-F222-4792-9BF8-D6AB3018E6F5}.Release|Any CPU.Build.0 = Release|Any CPU
		{F8F34F1F-F222-4792-9BF8-D6AB3018E6F5}.ReleaseCore|Any CPU.ActiveCfg = Release|Any CPU
		{F8F34F1F-F222-4792-9BF8-D6AB3018E6F5}.ReleaseCore|Any CPU.Build.0 = Release|Any CPU
		{F8F34F1F-F222-4792-9BF8-D6AB3018E6F5}.ReleaseFull|Any CPU.ActiveCfg = Release|Any CPU
		{F8F34F1F-F222-4792-9BF8-D6AB3018E6F5}.ReleaseFull|Any CPU.Build.0 = Release|Any CPU
		{945BA80B-A7F7-450B-AE93-9FA2F7617442}.Debug|Any CPU.ActiveCfg = Debug|Any CPU
		{945BA80B-A7F7-450B-AE93-9FA2F7617442}.Debug|Any CPU.Build.0 = Debug|Any CPU
		{945BA80B-A7F7-450B-AE93-9FA2F7617442}.DebugCore|Any CPU.ActiveCfg = DebugCore|Any CPU
		{945BA80B-A7F7-450B-AE93-9FA2F7617442}.DebugCore|Any CPU.Build.0 = DebugCore|Any CPU
		{945BA80B-A7F7-450B-AE93-9FA2F7617442}.DebugFull|Any CPU.ActiveCfg = DebugFull|Any CPU
		{945BA80B-A7F7-450B-AE93-9FA2F7617442}.DebugFull|Any CPU.Build.0 = DebugFull|Any CPU
		{945BA80B-A7F7-450B-AE93-9FA2F7617442}.Release|Any CPU.ActiveCfg = Release|Any CPU
		{945BA80B-A7F7-450B-AE93-9FA2F7617442}.Release|Any CPU.Build.0 = Release|Any CPU
		{945BA80B-A7F7-450B-AE93-9FA2F7617442}.ReleaseCore|Any CPU.ActiveCfg = ReleaseCore|Any CPU
		{945BA80B-A7F7-450B-AE93-9FA2F7617442}.ReleaseCore|Any CPU.Build.0 = ReleaseCore|Any CPU
		{945BA80B-A7F7-450B-AE93-9FA2F7617442}.ReleaseFull|Any CPU.ActiveCfg = ReleaseFull|Any CPU
		{945BA80B-A7F7-450B-AE93-9FA2F7617442}.ReleaseFull|Any CPU.Build.0 = ReleaseFull|Any CPU
		{33D86EA2-2161-4EF0-8F17-59602296273C}.Debug|Any CPU.ActiveCfg = Debug|Any CPU
		{33D86EA2-2161-4EF0-8F17-59602296273C}.Debug|Any CPU.Build.0 = Debug|Any CPU
		{33D86EA2-2161-4EF0-8F17-59602296273C}.DebugCore|Any CPU.ActiveCfg = DebugCore|Any CPU
		{33D86EA2-2161-4EF0-8F17-59602296273C}.DebugFull|Any CPU.ActiveCfg = DebugFull|Any CPU
		{33D86EA2-2161-4EF0-8F17-59602296273C}.DebugFull|Any CPU.Build.0 = DebugFull|Any CPU
		{33D86EA2-2161-4EF0-8F17-59602296273C}.Release|Any CPU.ActiveCfg = Release|Any CPU
		{33D86EA2-2161-4EF0-8F17-59602296273C}.Release|Any CPU.Build.0 = Release|Any CPU
		{33D86EA2-2161-4EF0-8F17-59602296273C}.ReleaseCore|Any CPU.ActiveCfg = ReleaseCore|Any CPU
		{33D86EA2-2161-4EF0-8F17-59602296273C}.ReleaseFull|Any CPU.ActiveCfg = ReleaseFull|Any CPU
		{33D86EA2-2161-4EF0-8F17-59602296273C}.ReleaseFull|Any CPU.Build.0 = ReleaseFull|Any CPU
		{B517BBF2-60E6-4C69-885A-AE5C014D877B}.Debug|Any CPU.ActiveCfg = Debug|Any CPU
		{B517BBF2-60E6-4C69-885A-AE5C014D877B}.Debug|Any CPU.Build.0 = Debug|Any CPU
		{B517BBF2-60E6-4C69-885A-AE5C014D877B}.DebugCore|Any CPU.ActiveCfg = DebugCore|Any CPU
		{B517BBF2-60E6-4C69-885A-AE5C014D877B}.DebugFull|Any CPU.ActiveCfg = DebugFull|Any CPU
		{B517BBF2-60E6-4C69-885A-AE5C014D877B}.DebugFull|Any CPU.Build.0 = DebugFull|Any CPU
		{B517BBF2-60E6-4C69-885A-AE5C014D877B}.Release|Any CPU.ActiveCfg = Release|Any CPU
		{B517BBF2-60E6-4C69-885A-AE5C014D877B}.Release|Any CPU.Build.0 = Release|Any CPU
		{B517BBF2-60E6-4C69-885A-AE5C014D877B}.ReleaseCore|Any CPU.ActiveCfg = ReleaseCore|Any CPU
		{B517BBF2-60E6-4C69-885A-AE5C014D877B}.ReleaseFull|Any CPU.ActiveCfg = ReleaseFull|Any CPU
		{B517BBF2-60E6-4C69-885A-AE5C014D877B}.ReleaseFull|Any CPU.Build.0 = ReleaseFull|Any CPU
		{52D174E7-2407-4FC1-9DDA-4D9D14F18618}.Debug|Any CPU.ActiveCfg = Debug|Any CPU
		{52D174E7-2407-4FC1-9DDA-4D9D14F18618}.Debug|Any CPU.Build.0 = Debug|Any CPU
		{52D174E7-2407-4FC1-9DDA-4D9D14F18618}.DebugCore|Any CPU.ActiveCfg = DebugCore|Any CPU
		{52D174E7-2407-4FC1-9DDA-4D9D14F18618}.DebugCore|Any CPU.Build.0 = DebugCore|Any CPU
		{52D174E7-2407-4FC1-9DDA-4D9D14F18618}.DebugFull|Any CPU.ActiveCfg = DebugFull|Any CPU
		{52D174E7-2407-4FC1-9DDA-4D9D14F18618}.DebugFull|Any CPU.Build.0 = DebugFull|Any CPU
		{52D174E7-2407-4FC1-9DDA-4D9D14F18618}.Release|Any CPU.ActiveCfg = Release|Any CPU
		{52D174E7-2407-4FC1-9DDA-4D9D14F18618}.Release|Any CPU.Build.0 = Release|Any CPU
		{52D174E7-2407-4FC1-9DDA-4D9D14F18618}.ReleaseCore|Any CPU.ActiveCfg = ReleaseCore|Any CPU
		{52D174E7-2407-4FC1-9DDA-4D9D14F18618}.ReleaseCore|Any CPU.Build.0 = ReleaseCore|Any CPU
		{52D174E7-2407-4FC1-9DDA-4D9D14F18618}.ReleaseFull|Any CPU.ActiveCfg = ReleaseFull|Any CPU
		{52D174E7-2407-4FC1-9DDA-4D9D14F18618}.ReleaseFull|Any CPU.Build.0 = ReleaseFull|Any CPU
		{6139CF19-0190-4ED5-AEE3-D3CE7458E517}.Debug|Any CPU.ActiveCfg = Debug|Any CPU
		{6139CF19-0190-4ED5-AEE3-D3CE7458E517}.Debug|Any CPU.Build.0 = Debug|Any CPU
		{6139CF19-0190-4ED5-AEE3-D3CE7458E517}.DebugCore|Any CPU.ActiveCfg = DebugCore|Any CPU
		{6139CF19-0190-4ED5-AEE3-D3CE7458E517}.DebugFull|Any CPU.ActiveCfg = DebugFull|Any CPU
		{6139CF19-0190-4ED5-AEE3-D3CE7458E517}.DebugFull|Any CPU.Build.0 = DebugFull|Any CPU
		{6139CF19-0190-4ED5-AEE3-D3CE7458E517}.Release|Any CPU.ActiveCfg = Release|Any CPU
		{6139CF19-0190-4ED5-AEE3-D3CE7458E517}.Release|Any CPU.Build.0 = Release|Any CPU
		{6139CF19-0190-4ED5-AEE3-D3CE7458E517}.ReleaseCore|Any CPU.ActiveCfg = ReleaseCore|Any CPU
		{6139CF19-0190-4ED5-AEE3-D3CE7458E517}.ReleaseFull|Any CPU.ActiveCfg = ReleaseFull|Any CPU
		{6139CF19-0190-4ED5-AEE3-D3CE7458E517}.ReleaseFull|Any CPU.Build.0 = ReleaseFull|Any CPU
		{D2A7B5F5-8D33-45AC-9776-07C23F5859BB}.Debug|Any CPU.ActiveCfg = Debug|Any CPU
		{D2A7B5F5-8D33-45AC-9776-07C23F5859BB}.Debug|Any CPU.Build.0 = Debug|Any CPU
		{D2A7B5F5-8D33-45AC-9776-07C23F5859BB}.DebugCore|Any CPU.ActiveCfg = DebugCore|Any CPU
		{D2A7B5F5-8D33-45AC-9776-07C23F5859BB}.DebugCore|Any CPU.Build.0 = DebugCore|Any CPU
		{D2A7B5F5-8D33-45AC-9776-07C23F5859BB}.DebugFull|Any CPU.ActiveCfg = DebugFull|Any CPU
		{D2A7B5F5-8D33-45AC-9776-07C23F5859BB}.DebugFull|Any CPU.Build.0 = DebugFull|Any CPU
		{D2A7B5F5-8D33-45AC-9776-07C23F5859BB}.Release|Any CPU.ActiveCfg = Release|Any CPU
		{D2A7B5F5-8D33-45AC-9776-07C23F5859BB}.Release|Any CPU.Build.0 = Release|Any CPU
		{D2A7B5F5-8D33-45AC-9776-07C23F5859BB}.ReleaseCore|Any CPU.ActiveCfg = ReleaseCore|Any CPU
		{D2A7B5F5-8D33-45AC-9776-07C23F5859BB}.ReleaseCore|Any CPU.Build.0 = ReleaseCore|Any CPU
		{D2A7B5F5-8D33-45AC-9776-07C23F5859BB}.ReleaseFull|Any CPU.ActiveCfg = ReleaseFull|Any CPU
		{D2A7B5F5-8D33-45AC-9776-07C23F5859BB}.ReleaseFull|Any CPU.Build.0 = ReleaseFull|Any CPU
		{87D09BD4-119E-49C1-B0B4-86DF962A00EE}.Debug|Any CPU.ActiveCfg = Debug|Any CPU
		{87D09BD4-119E-49C1-B0B4-86DF962A00EE}.Debug|Any CPU.Build.0 = Debug|Any CPU
		{87D09BD4-119E-49C1-B0B4-86DF962A00EE}.DebugCore|Any CPU.ActiveCfg = DebugCore|Any CPU
		{87D09BD4-119E-49C1-B0B4-86DF962A00EE}.DebugFull|Any CPU.ActiveCfg = DebugFull|Any CPU
		{87D09BD4-119E-49C1-B0B4-86DF962A00EE}.DebugFull|Any CPU.Build.0 = DebugFull|Any CPU
		{87D09BD4-119E-49C1-B0B4-86DF962A00EE}.Release|Any CPU.ActiveCfg = Release|Any CPU
		{87D09BD4-119E-49C1-B0B4-86DF962A00EE}.Release|Any CPU.Build.0 = Release|Any CPU
		{87D09BD4-119E-49C1-B0B4-86DF962A00EE}.ReleaseCore|Any CPU.ActiveCfg = ReleaseCore|Any CPU
		{87D09BD4-119E-49C1-B0B4-86DF962A00EE}.ReleaseFull|Any CPU.ActiveCfg = ReleaseFull|Any CPU
		{87D09BD4-119E-49C1-B0B4-86DF962A00EE}.ReleaseFull|Any CPU.Build.0 = ReleaseFull|Any CPU
		{6FF3E672-378C-4D61-B4CA-A5A5E01C2563}.Debug|Any CPU.ActiveCfg = Debug|Any CPU
		{6FF3E672-378C-4D61-B4CA-A5A5E01C2563}.Debug|Any CPU.Build.0 = Debug|Any CPU
		{6FF3E672-378C-4D61-B4CA-A5A5E01C2563}.DebugCore|Any CPU.ActiveCfg = DebugCore|Any CPU
		{6FF3E672-378C-4D61-B4CA-A5A5E01C2563}.DebugCore|Any CPU.Build.0 = DebugCore|Any CPU
		{6FF3E672-378C-4D61-B4CA-A5A5E01C2563}.DebugFull|Any CPU.ActiveCfg = DebugFull|Any CPU
		{6FF3E672-378C-4D61-B4CA-A5A5E01C2563}.DebugFull|Any CPU.Build.0 = DebugFull|Any CPU
		{6FF3E672-378C-4D61-B4CA-A5A5E01C2563}.Release|Any CPU.ActiveCfg = Release|Any CPU
		{6FF3E672-378C-4D61-B4CA-A5A5E01C2563}.Release|Any CPU.Build.0 = Release|Any CPU
		{6FF3E672-378C-4D61-B4CA-A5A5E01C2563}.ReleaseCore|Any CPU.ActiveCfg = ReleaseCore|Any CPU
		{6FF3E672-378C-4D61-B4CA-A5A5E01C2563}.ReleaseCore|Any CPU.Build.0 = ReleaseCore|Any CPU
		{6FF3E672-378C-4D61-B4CA-A5A5E01C2563}.ReleaseFull|Any CPU.ActiveCfg = ReleaseFull|Any CPU
		{6FF3E672-378C-4D61-B4CA-A5A5E01C2563}.ReleaseFull|Any CPU.Build.0 = ReleaseFull|Any CPU
		{5B669C82-B04C-4DD6-8CE6-47D025D98777}.Debug|Any CPU.ActiveCfg = Debug|Any CPU
		{5B669C82-B04C-4DD6-8CE6-47D025D98777}.Debug|Any CPU.Build.0 = Debug|Any CPU
		{5B669C82-B04C-4DD6-8CE6-47D025D98777}.DebugCore|Any CPU.ActiveCfg = Debug|Any CPU
		{5B669C82-B04C-4DD6-8CE6-47D025D98777}.DebugCore|Any CPU.Build.0 = Debug|Any CPU
		{5B669C82-B04C-4DD6-8CE6-47D025D98777}.DebugFull|Any CPU.ActiveCfg = Debug|Any CPU
		{5B669C82-B04C-4DD6-8CE6-47D025D98777}.DebugFull|Any CPU.Build.0 = Debug|Any CPU
		{5B669C82-B04C-4DD6-8CE6-47D025D98777}.Release|Any CPU.ActiveCfg = Release|Any CPU
		{5B669C82-B04C-4DD6-8CE6-47D025D98777}.Release|Any CPU.Build.0 = Release|Any CPU
		{5B669C82-B04C-4DD6-8CE6-47D025D98777}.ReleaseCore|Any CPU.ActiveCfg = Release|Any CPU
		{5B669C82-B04C-4DD6-8CE6-47D025D98777}.ReleaseCore|Any CPU.Build.0 = Release|Any CPU
		{5B669C82-B04C-4DD6-8CE6-47D025D98777}.ReleaseFull|Any CPU.ActiveCfg = Release|Any CPU
		{5B669C82-B04C-4DD6-8CE6-47D025D98777}.ReleaseFull|Any CPU.Build.0 = Release|Any CPU
		{10FD3E08-53E8-42B2-8E4F-A5C23DEE3B96}.Debug|Any CPU.ActiveCfg = Debug|Any CPU
		{10FD3E08-53E8-42B2-8E4F-A5C23DEE3B96}.Debug|Any CPU.Build.0 = Debug|Any CPU
		{10FD3E08-53E8-42B2-8E4F-A5C23DEE3B96}.DebugCore|Any CPU.ActiveCfg = DebugCore|Any CPU
		{10FD3E08-53E8-42B2-8E4F-A5C23DEE3B96}.DebugCore|Any CPU.Build.0 = DebugCore|Any CPU
		{10FD3E08-53E8-42B2-8E4F-A5C23DEE3B96}.DebugFull|Any CPU.ActiveCfg = DebugFull|Any CPU
		{10FD3E08-53E8-42B2-8E4F-A5C23DEE3B96}.DebugFull|Any CPU.Build.0 = DebugFull|Any CPU
		{10FD3E08-53E8-42B2-8E4F-A5C23DEE3B96}.Release|Any CPU.ActiveCfg = Release|Any CPU
		{10FD3E08-53E8-42B2-8E4F-A5C23DEE3B96}.Release|Any CPU.Build.0 = Release|Any CPU
		{10FD3E08-53E8-42B2-8E4F-A5C23DEE3B96}.ReleaseCore|Any CPU.ActiveCfg = ReleaseCore|Any CPU
		{10FD3E08-53E8-42B2-8E4F-A5C23DEE3B96}.ReleaseCore|Any CPU.Build.0 = ReleaseCore|Any CPU
		{10FD3E08-53E8-42B2-8E4F-A5C23DEE3B96}.ReleaseFull|Any CPU.ActiveCfg = ReleaseFull|Any CPU
		{10FD3E08-53E8-42B2-8E4F-A5C23DEE3B96}.ReleaseFull|Any CPU.Build.0 = ReleaseFull|Any CPU
		{25D28099-E338-4543-B1DE-261439654CA6}.Debug|Any CPU.ActiveCfg = Debug|Any CPU
		{25D28099-E338-4543-B1DE-261439654CA6}.Debug|Any CPU.Build.0 = Debug|Any CPU
		{25D28099-E338-4543-B1DE-261439654CA6}.DebugCore|Any CPU.ActiveCfg = Debug|Any CPU
		{25D28099-E338-4543-B1DE-261439654CA6}.DebugCore|Any CPU.Build.0 = Debug|Any CPU
		{25D28099-E338-4543-B1DE-261439654CA6}.DebugFull|Any CPU.ActiveCfg = Debug|Any CPU
		{25D28099-E338-4543-B1DE-261439654CA6}.DebugFull|Any CPU.Build.0 = Debug|Any CPU
		{25D28099-E338-4543-B1DE-261439654CA6}.Release|Any CPU.ActiveCfg = Release|Any CPU
		{25D28099-E338-4543-B1DE-261439654CA6}.Release|Any CPU.Build.0 = Release|Any CPU
		{25D28099-E338-4543-B1DE-261439654CA6}.ReleaseCore|Any CPU.ActiveCfg = Release|Any CPU
		{25D28099-E338-4543-B1DE-261439654CA6}.ReleaseCore|Any CPU.Build.0 = Release|Any CPU
		{25D28099-E338-4543-B1DE-261439654CA6}.ReleaseFull|Any CPU.ActiveCfg = Release|Any CPU
		{25D28099-E338-4543-B1DE-261439654CA6}.ReleaseFull|Any CPU.Build.0 = Release|Any CPU
		{040FA938-BE24-4391-86BA-D04B331A787A}.Debug|Any CPU.ActiveCfg = Debug|Any CPU
		{040FA938-BE24-4391-86BA-D04B331A787A}.Debug|Any CPU.Build.0 = Debug|Any CPU
		{040FA938-BE24-4391-86BA-D04B331A787A}.DebugCore|Any CPU.ActiveCfg = DebugCore|Any CPU
		{040FA938-BE24-4391-86BA-D04B331A787A}.DebugCore|Any CPU.Build.0 = DebugCore|Any CPU
		{040FA938-BE24-4391-86BA-D04B331A787A}.DebugFull|Any CPU.ActiveCfg = DebugFull|Any CPU
		{040FA938-BE24-4391-86BA-D04B331A787A}.DebugFull|Any CPU.Build.0 = DebugFull|Any CPU
		{040FA938-BE24-4391-86BA-D04B331A787A}.Release|Any CPU.ActiveCfg = Release|Any CPU
		{040FA938-BE24-4391-86BA-D04B331A787A}.Release|Any CPU.Build.0 = Release|Any CPU
		{040FA938-BE24-4391-86BA-D04B331A787A}.ReleaseCore|Any CPU.ActiveCfg = ReleaseCore|Any CPU
		{040FA938-BE24-4391-86BA-D04B331A787A}.ReleaseCore|Any CPU.Build.0 = ReleaseCore|Any CPU
		{040FA938-BE24-4391-86BA-D04B331A787A}.ReleaseFull|Any CPU.ActiveCfg = ReleaseFull|Any CPU
		{040FA938-BE24-4391-86BA-D04B331A787A}.ReleaseFull|Any CPU.Build.0 = ReleaseFull|Any CPU
		{07E9E91D-6593-4FF9-A266-270ED5241C98}.Debug|Any CPU.ActiveCfg = Debug|Any CPU
		{07E9E91D-6593-4FF9-A266-270ED5241C98}.Debug|Any CPU.Build.0 = Debug|Any CPU
		{07E9E91D-6593-4FF9-A266-270ED5241C98}.DebugCore|Any CPU.ActiveCfg = Debug|Any CPU
		{07E9E91D-6593-4FF9-A266-270ED5241C98}.DebugCore|Any CPU.Build.0 = Debug|Any CPU
		{07E9E91D-6593-4FF9-A266-270ED5241C98}.DebugFull|Any CPU.ActiveCfg = Debug|Any CPU
		{07E9E91D-6593-4FF9-A266-270ED5241C98}.DebugFull|Any CPU.Build.0 = Debug|Any CPU
		{07E9E91D-6593-4FF9-A266-270ED5241C98}.Release|Any CPU.ActiveCfg = Release|Any CPU
		{07E9E91D-6593-4FF9-A266-270ED5241C98}.Release|Any CPU.Build.0 = Release|Any CPU
		{07E9E91D-6593-4FF9-A266-270ED5241C98}.ReleaseCore|Any CPU.ActiveCfg = Release|Any CPU
		{07E9E91D-6593-4FF9-A266-270ED5241C98}.ReleaseCore|Any CPU.Build.0 = Release|Any CPU
		{07E9E91D-6593-4FF9-A266-270ED5241C98}.ReleaseFull|Any CPU.ActiveCfg = Release|Any CPU
		{07E9E91D-6593-4FF9-A266-270ED5241C98}.ReleaseFull|Any CPU.Build.0 = Release|Any CPU
		{3207C90B-DB71-4293-8974-0795863C076B}.Debug|Any CPU.ActiveCfg = Debug|Any CPU
		{3207C90B-DB71-4293-8974-0795863C076B}.Debug|Any CPU.Build.0 = Debug|Any CPU
		{3207C90B-DB71-4293-8974-0795863C076B}.DebugCore|Any CPU.ActiveCfg = DebugCore|Any CPU
		{3207C90B-DB71-4293-8974-0795863C076B}.DebugCore|Any CPU.Build.0 = DebugCore|Any CPU
		{3207C90B-DB71-4293-8974-0795863C076B}.DebugFull|Any CPU.ActiveCfg = DebugFull|Any CPU
		{3207C90B-DB71-4293-8974-0795863C076B}.DebugFull|Any CPU.Build.0 = DebugFull|Any CPU
		{3207C90B-DB71-4293-8974-0795863C076B}.Release|Any CPU.ActiveCfg = Release|Any CPU
		{3207C90B-DB71-4293-8974-0795863C076B}.Release|Any CPU.Build.0 = Release|Any CPU
		{3207C90B-DB71-4293-8974-0795863C076B}.ReleaseCore|Any CPU.ActiveCfg = ReleaseCore|Any CPU
		{3207C90B-DB71-4293-8974-0795863C076B}.ReleaseCore|Any CPU.Build.0 = ReleaseCore|Any CPU
		{3207C90B-DB71-4293-8974-0795863C076B}.ReleaseFull|Any CPU.ActiveCfg = ReleaseFull|Any CPU
		{3207C90B-DB71-4293-8974-0795863C076B}.ReleaseFull|Any CPU.Build.0 = ReleaseFull|Any CPU
		{29A1A83E-51DC-4409-B29B-CDE7D65A1EF8}.Debug|Any CPU.ActiveCfg = Debug|Any CPU
		{29A1A83E-51DC-4409-B29B-CDE7D65A1EF8}.Debug|Any CPU.Build.0 = Debug|Any CPU
		{29A1A83E-51DC-4409-B29B-CDE7D65A1EF8}.DebugCore|Any CPU.ActiveCfg = Debug|Any CPU
		{29A1A83E-51DC-4409-B29B-CDE7D65A1EF8}.DebugCore|Any CPU.Build.0 = Debug|Any CPU
		{29A1A83E-51DC-4409-B29B-CDE7D65A1EF8}.DebugFull|Any CPU.ActiveCfg = Debug|Any CPU
		{29A1A83E-51DC-4409-B29B-CDE7D65A1EF8}.DebugFull|Any CPU.Build.0 = Debug|Any CPU
		{29A1A83E-51DC-4409-B29B-CDE7D65A1EF8}.Release|Any CPU.ActiveCfg = Release|Any CPU
		{29A1A83E-51DC-4409-B29B-CDE7D65A1EF8}.Release|Any CPU.Build.0 = Release|Any CPU
		{29A1A83E-51DC-4409-B29B-CDE7D65A1EF8}.ReleaseCore|Any CPU.ActiveCfg = Release|Any CPU
		{29A1A83E-51DC-4409-B29B-CDE7D65A1EF8}.ReleaseCore|Any CPU.Build.0 = Release|Any CPU
		{29A1A83E-51DC-4409-B29B-CDE7D65A1EF8}.ReleaseFull|Any CPU.ActiveCfg = Release|Any CPU
		{29A1A83E-51DC-4409-B29B-CDE7D65A1EF8}.ReleaseFull|Any CPU.Build.0 = Release|Any CPU
		{5AB7D09F-5F98-465E-AB9D-07014F1DBC3F}.Debug|Any CPU.ActiveCfg = Debug|Any CPU
		{5AB7D09F-5F98-465E-AB9D-07014F1DBC3F}.Debug|Any CPU.Build.0 = Debug|Any CPU
		{5AB7D09F-5F98-465E-AB9D-07014F1DBC3F}.DebugCore|Any CPU.ActiveCfg = Debug|Any CPU
		{5AB7D09F-5F98-465E-AB9D-07014F1DBC3F}.DebugCore|Any CPU.Build.0 = Debug|Any CPU
		{5AB7D09F-5F98-465E-AB9D-07014F1DBC3F}.DebugFull|Any CPU.ActiveCfg = Debug|Any CPU
		{5AB7D09F-5F98-465E-AB9D-07014F1DBC3F}.DebugFull|Any CPU.Build.0 = Debug|Any CPU
		{5AB7D09F-5F98-465E-AB9D-07014F1DBC3F}.Release|Any CPU.ActiveCfg = Release|Any CPU
		{5AB7D09F-5F98-465E-AB9D-07014F1DBC3F}.Release|Any CPU.Build.0 = Release|Any CPU
		{5AB7D09F-5F98-465E-AB9D-07014F1DBC3F}.ReleaseCore|Any CPU.ActiveCfg = Release|Any CPU
		{5AB7D09F-5F98-465E-AB9D-07014F1DBC3F}.ReleaseCore|Any CPU.Build.0 = Release|Any CPU
		{5AB7D09F-5F98-465E-AB9D-07014F1DBC3F}.ReleaseFull|Any CPU.ActiveCfg = Release|Any CPU
		{5AB7D09F-5F98-465E-AB9D-07014F1DBC3F}.ReleaseFull|Any CPU.Build.0 = Release|Any CPU
		{8D4D5502-4321-46A5-975B-C20BD745FC06}.Debug|Any CPU.ActiveCfg = Debug|Any CPU
		{8D4D5502-4321-46A5-975B-C20BD745FC06}.Debug|Any CPU.Build.0 = Debug|Any CPU
		{8D4D5502-4321-46A5-975B-C20BD745FC06}.DebugCore|Any CPU.ActiveCfg = DebugCore|Any CPU
		{8D4D5502-4321-46A5-975B-C20BD745FC06}.DebugCore|Any CPU.Build.0 = DebugCore|Any CPU
		{8D4D5502-4321-46A5-975B-C20BD745FC06}.DebugFull|Any CPU.ActiveCfg = DebugFull|Any CPU
		{8D4D5502-4321-46A5-975B-C20BD745FC06}.DebugFull|Any CPU.Build.0 = DebugFull|Any CPU
		{8D4D5502-4321-46A5-975B-C20BD745FC06}.Release|Any CPU.ActiveCfg = Release|Any CPU
		{8D4D5502-4321-46A5-975B-C20BD745FC06}.Release|Any CPU.Build.0 = Release|Any CPU
		{8D4D5502-4321-46A5-975B-C20BD745FC06}.ReleaseCore|Any CPU.ActiveCfg = ReleaseCore|Any CPU
		{8D4D5502-4321-46A5-975B-C20BD745FC06}.ReleaseCore|Any CPU.Build.0 = ReleaseCore|Any CPU
		{8D4D5502-4321-46A5-975B-C20BD745FC06}.ReleaseFull|Any CPU.ActiveCfg = ReleaseFull|Any CPU
		{8D4D5502-4321-46A5-975B-C20BD745FC06}.ReleaseFull|Any CPU.Build.0 = ReleaseFull|Any CPU
		{E2409457-2BA1-47C8-B53B-CE712896FE6E}.Debug|Any CPU.ActiveCfg = Debug|Any CPU
		{E2409457-2BA1-47C8-B53B-CE712896FE6E}.Debug|Any CPU.Build.0 = Debug|Any CPU
		{E2409457-2BA1-47C8-B53B-CE712896FE6E}.DebugCore|Any CPU.ActiveCfg = DebugCore|Any CPU
		{E2409457-2BA1-47C8-B53B-CE712896FE6E}.DebugCore|Any CPU.Build.0 = DebugCore|Any CPU
		{E2409457-2BA1-47C8-B53B-CE712896FE6E}.DebugFull|Any CPU.ActiveCfg = DebugFull|Any CPU
		{E2409457-2BA1-47C8-B53B-CE712896FE6E}.DebugFull|Any CPU.Build.0 = DebugFull|Any CPU
		{E2409457-2BA1-47C8-B53B-CE712896FE6E}.Release|Any CPU.ActiveCfg = Release|Any CPU
		{E2409457-2BA1-47C8-B53B-CE712896FE6E}.Release|Any CPU.Build.0 = Release|Any CPU
		{E2409457-2BA1-47C8-B53B-CE712896FE6E}.ReleaseCore|Any CPU.ActiveCfg = ReleaseCore|Any CPU
		{E2409457-2BA1-47C8-B53B-CE712896FE6E}.ReleaseCore|Any CPU.Build.0 = ReleaseCore|Any CPU
		{E2409457-2BA1-47C8-B53B-CE712896FE6E}.ReleaseFull|Any CPU.ActiveCfg = ReleaseFull|Any CPU
		{E2409457-2BA1-47C8-B53B-CE712896FE6E}.ReleaseFull|Any CPU.Build.0 = ReleaseFull|Any CPU
		{7A774F1F-31D6-4D7F-90D5-9C4F387D2EEE}.Debug|Any CPU.ActiveCfg = Debug|Any CPU
		{7A774F1F-31D6-4D7F-90D5-9C4F387D2EEE}.Debug|Any CPU.Build.0 = Debug|Any CPU
		{7A774F1F-31D6-4D7F-90D5-9C4F387D2EEE}.DebugCore|Any CPU.ActiveCfg = DebugCore|Any CPU
		{7A774F1F-31D6-4D7F-90D5-9C4F387D2EEE}.DebugCore|Any CPU.Build.0 = DebugCore|Any CPU
		{7A774F1F-31D6-4D7F-90D5-9C4F387D2EEE}.DebugFull|Any CPU.ActiveCfg = DebugFull|Any CPU
		{7A774F1F-31D6-4D7F-90D5-9C4F387D2EEE}.DebugFull|Any CPU.Build.0 = DebugFull|Any CPU
		{7A774F1F-31D6-4D7F-90D5-9C4F387D2EEE}.Release|Any CPU.ActiveCfg = Release|Any CPU
		{7A774F1F-31D6-4D7F-90D5-9C4F387D2EEE}.Release|Any CPU.Build.0 = Release|Any CPU
		{7A774F1F-31D6-4D7F-90D5-9C4F387D2EEE}.ReleaseCore|Any CPU.ActiveCfg = ReleaseCore|Any CPU
		{7A774F1F-31D6-4D7F-90D5-9C4F387D2EEE}.ReleaseCore|Any CPU.Build.0 = ReleaseCore|Any CPU
		{7A774F1F-31D6-4D7F-90D5-9C4F387D2EEE}.ReleaseFull|Any CPU.ActiveCfg = ReleaseFull|Any CPU
		{7A774F1F-31D6-4D7F-90D5-9C4F387D2EEE}.ReleaseFull|Any CPU.Build.0 = ReleaseFull|Any CPU
		{FB669026-E1C8-417F-962B-D8235A3DA2D3}.Debug|Any CPU.ActiveCfg = Debug|Any CPU
		{FB669026-E1C8-417F-962B-D8235A3DA2D3}.Debug|Any CPU.Build.0 = Debug|Any CPU
		{FB669026-E1C8-417F-962B-D8235A3DA2D3}.DebugCore|Any CPU.ActiveCfg = Debug|Any CPU
		{FB669026-E1C8-417F-962B-D8235A3DA2D3}.DebugFull|Any CPU.ActiveCfg = Debug|Any CPU
		{FB669026-E1C8-417F-962B-D8235A3DA2D3}.DebugFull|Any CPU.Build.0 = Debug|Any CPU
		{FB669026-E1C8-417F-962B-D8235A3DA2D3}.Release|Any CPU.ActiveCfg = Release|Any CPU
		{FB669026-E1C8-417F-962B-D8235A3DA2D3}.Release|Any CPU.Build.0 = Release|Any CPU
		{FB669026-E1C8-417F-962B-D8235A3DA2D3}.ReleaseCore|Any CPU.ActiveCfg = Release|Any CPU
		{FB669026-E1C8-417F-962B-D8235A3DA2D3}.ReleaseFull|Any CPU.ActiveCfg = Release|Any CPU
		{FB669026-E1C8-417F-962B-D8235A3DA2D3}.ReleaseFull|Any CPU.Build.0 = Release|Any CPU
		{AE934C82-F869-427F-A926-6A54BEBFD12D}.Debug|Any CPU.ActiveCfg = Debug|Any CPU
		{AE934C82-F869-427F-A926-6A54BEBFD12D}.Debug|Any CPU.Build.0 = Debug|Any CPU
		{AE934C82-F869-427F-A926-6A54BEBFD12D}.DebugCore|Any CPU.ActiveCfg = Debug|Any CPU
		{AE934C82-F869-427F-A926-6A54BEBFD12D}.DebugCore|Any CPU.Build.0 = Debug|Any CPU
		{AE934C82-F869-427F-A926-6A54BEBFD12D}.DebugFull|Any CPU.ActiveCfg = Debug|Any CPU
		{AE934C82-F869-427F-A926-6A54BEBFD12D}.DebugFull|Any CPU.Build.0 = Debug|Any CPU
		{AE934C82-F869-427F-A926-6A54BEBFD12D}.Release|Any CPU.ActiveCfg = Release|Any CPU
		{AE934C82-F869-427F-A926-6A54BEBFD12D}.Release|Any CPU.Build.0 = Release|Any CPU
		{AE934C82-F869-427F-A926-6A54BEBFD12D}.ReleaseCore|Any CPU.ActiveCfg = Release|Any CPU
		{AE934C82-F869-427F-A926-6A54BEBFD12D}.ReleaseCore|Any CPU.Build.0 = Release|Any CPU
		{AE934C82-F869-427F-A926-6A54BEBFD12D}.ReleaseFull|Any CPU.ActiveCfg = Release|Any CPU
		{AE934C82-F869-427F-A926-6A54BEBFD12D}.ReleaseFull|Any CPU.Build.0 = Release|Any CPU
		{8342B783-EEBE-4DE9-9AA0-77C074E3869E}.Debug|Any CPU.ActiveCfg = Debug|Any CPU
		{8342B783-EEBE-4DE9-9AA0-77C074E3869E}.Debug|Any CPU.Build.0 = Debug|Any CPU
		{8342B783-EEBE-4DE9-9AA0-77C074E3869E}.DebugCore|Any CPU.ActiveCfg = Debug|Any CPU
		{8342B783-EEBE-4DE9-9AA0-77C074E3869E}.DebugCore|Any CPU.Build.0 = Debug|Any CPU
		{8342B783-EEBE-4DE9-9AA0-77C074E3869E}.DebugFull|Any CPU.ActiveCfg = Debug|Any CPU
		{8342B783-EEBE-4DE9-9AA0-77C074E3869E}.DebugFull|Any CPU.Build.0 = Debug|Any CPU
		{8342B783-EEBE-4DE9-9AA0-77C074E3869E}.Release|Any CPU.ActiveCfg = Release|Any CPU
		{8342B783-EEBE-4DE9-9AA0-77C074E3869E}.Release|Any CPU.Build.0 = Release|Any CPU
		{8342B783-EEBE-4DE9-9AA0-77C074E3869E}.ReleaseCore|Any CPU.ActiveCfg = Release|Any CPU
		{8342B783-EEBE-4DE9-9AA0-77C074E3869E}.ReleaseCore|Any CPU.Build.0 = Release|Any CPU
		{8342B783-EEBE-4DE9-9AA0-77C074E3869E}.ReleaseFull|Any CPU.ActiveCfg = Release|Any CPU
		{8342B783-EEBE-4DE9-9AA0-77C074E3869E}.ReleaseFull|Any CPU.Build.0 = Release|Any CPU
		{816CD64D-7189-46E3-8C54-D4ED4C0BB758}.Debug|Any CPU.ActiveCfg = Debug|Any CPU
		{816CD64D-7189-46E3-8C54-D4ED4C0BB758}.Debug|Any CPU.Build.0 = Debug|Any CPU
		{816CD64D-7189-46E3-8C54-D4ED4C0BB758}.DebugCore|Any CPU.ActiveCfg = DebugCore|Any CPU
		{816CD64D-7189-46E3-8C54-D4ED4C0BB758}.DebugCore|Any CPU.Build.0 = DebugCore|Any CPU
		{816CD64D-7189-46E3-8C54-D4ED4C0BB758}.DebugFull|Any CPU.ActiveCfg = DebugFull|Any CPU
		{816CD64D-7189-46E3-8C54-D4ED4C0BB758}.DebugFull|Any CPU.Build.0 = DebugFull|Any CPU
		{816CD64D-7189-46E3-8C54-D4ED4C0BB758}.Release|Any CPU.ActiveCfg = Release|Any CPU
		{816CD64D-7189-46E3-8C54-D4ED4C0BB758}.Release|Any CPU.Build.0 = Release|Any CPU
		{816CD64D-7189-46E3-8C54-D4ED4C0BB758}.ReleaseCore|Any CPU.ActiveCfg = ReleaseCore|Any CPU
		{816CD64D-7189-46E3-8C54-D4ED4C0BB758}.ReleaseCore|Any CPU.Build.0 = ReleaseCore|Any CPU
		{816CD64D-7189-46E3-8C54-D4ED4C0BB758}.ReleaseFull|Any CPU.ActiveCfg = ReleaseFull|Any CPU
		{816CD64D-7189-46E3-8C54-D4ED4C0BB758}.ReleaseFull|Any CPU.Build.0 = ReleaseFull|Any CPU
		{6563C4C6-411E-4D67-B458-830AD9B311D2}.Debug|Any CPU.ActiveCfg = Debug|Any CPU
		{6563C4C6-411E-4D67-B458-830AD9B311D2}.Debug|Any CPU.Build.0 = Debug|Any CPU
		{6563C4C6-411E-4D67-B458-830AD9B311D2}.DebugCore|Any CPU.ActiveCfg = DebugCore|Any CPU
		{6563C4C6-411E-4D67-B458-830AD9B311D2}.DebugCore|Any CPU.Build.0 = DebugCore|Any CPU
		{6563C4C6-411E-4D67-B458-830AD9B311D2}.DebugFull|Any CPU.ActiveCfg = DebugFull|Any CPU
		{6563C4C6-411E-4D67-B458-830AD9B311D2}.DebugFull|Any CPU.Build.0 = DebugFull|Any CPU
		{6563C4C6-411E-4D67-B458-830AD9B311D2}.Release|Any CPU.ActiveCfg = Release|Any CPU
		{6563C4C6-411E-4D67-B458-830AD9B311D2}.Release|Any CPU.Build.0 = Release|Any CPU
		{6563C4C6-411E-4D67-B458-830AD9B311D2}.ReleaseCore|Any CPU.ActiveCfg = ReleaseCore|Any CPU
		{6563C4C6-411E-4D67-B458-830AD9B311D2}.ReleaseCore|Any CPU.Build.0 = ReleaseCore|Any CPU
		{6563C4C6-411E-4D67-B458-830AD9B311D2}.ReleaseFull|Any CPU.ActiveCfg = ReleaseFull|Any CPU
		{6563C4C6-411E-4D67-B458-830AD9B311D2}.ReleaseFull|Any CPU.Build.0 = ReleaseFull|Any CPU
		{7D7EA3FD-8D1A-4E07-B34C-5B2B86CAFCAA}.Debug|Any CPU.ActiveCfg = Debug|Any CPU
		{7D7EA3FD-8D1A-4E07-B34C-5B2B86CAFCAA}.Debug|Any CPU.Build.0 = Debug|Any CPU
		{7D7EA3FD-8D1A-4E07-B34C-5B2B86CAFCAA}.DebugCore|Any CPU.ActiveCfg = DebugCore|Any CPU
		{7D7EA3FD-8D1A-4E07-B34C-5B2B86CAFCAA}.DebugCore|Any CPU.Build.0 = DebugCore|Any CPU
		{7D7EA3FD-8D1A-4E07-B34C-5B2B86CAFCAA}.DebugFull|Any CPU.ActiveCfg = DebugFull|Any CPU
		{7D7EA3FD-8D1A-4E07-B34C-5B2B86CAFCAA}.DebugFull|Any CPU.Build.0 = DebugFull|Any CPU
		{7D7EA3FD-8D1A-4E07-B34C-5B2B86CAFCAA}.Release|Any CPU.ActiveCfg = Release|Any CPU
		{7D7EA3FD-8D1A-4E07-B34C-5B2B86CAFCAA}.Release|Any CPU.Build.0 = Release|Any CPU
		{7D7EA3FD-8D1A-4E07-B34C-5B2B86CAFCAA}.ReleaseCore|Any CPU.ActiveCfg = ReleaseCore|Any CPU
		{7D7EA3FD-8D1A-4E07-B34C-5B2B86CAFCAA}.ReleaseCore|Any CPU.Build.0 = ReleaseCore|Any CPU
		{7D7EA3FD-8D1A-4E07-B34C-5B2B86CAFCAA}.ReleaseFull|Any CPU.ActiveCfg = ReleaseFull|Any CPU
		{7D7EA3FD-8D1A-4E07-B34C-5B2B86CAFCAA}.ReleaseFull|Any CPU.Build.0 = ReleaseFull|Any CPU
		{62719C63-ECED-49CD-B73C-6DAF2A18033B}.Debug|Any CPU.ActiveCfg = Debug|Any CPU
		{62719C63-ECED-49CD-B73C-6DAF2A18033B}.Debug|Any CPU.Build.0 = Debug|Any CPU
		{62719C63-ECED-49CD-B73C-6DAF2A18033B}.DebugCore|Any CPU.ActiveCfg = DebugCore|Any CPU
		{62719C63-ECED-49CD-B73C-6DAF2A18033B}.DebugCore|Any CPU.Build.0 = DebugCore|Any CPU
		{62719C63-ECED-49CD-B73C-6DAF2A18033B}.DebugFull|Any CPU.ActiveCfg = DebugFull|Any CPU
		{62719C63-ECED-49CD-B73C-6DAF2A18033B}.DebugFull|Any CPU.Build.0 = DebugFull|Any CPU
		{62719C63-ECED-49CD-B73C-6DAF2A18033B}.Release|Any CPU.ActiveCfg = Release|Any CPU
		{62719C63-ECED-49CD-B73C-6DAF2A18033B}.Release|Any CPU.Build.0 = Release|Any CPU
		{62719C63-ECED-49CD-B73C-6DAF2A18033B}.ReleaseCore|Any CPU.ActiveCfg = ReleaseCore|Any CPU
		{62719C63-ECED-49CD-B73C-6DAF2A18033B}.ReleaseCore|Any CPU.Build.0 = ReleaseCore|Any CPU
		{62719C63-ECED-49CD-B73C-6DAF2A18033B}.ReleaseFull|Any CPU.ActiveCfg = ReleaseFull|Any CPU
		{62719C63-ECED-49CD-B73C-6DAF2A18033B}.ReleaseFull|Any CPU.Build.0 = ReleaseFull|Any CPU
		{6BC792EE-0436-494E-9F0C-63A3822320D0}.Debug|Any CPU.ActiveCfg = Debug|Any CPU
		{6BC792EE-0436-494E-9F0C-63A3822320D0}.Debug|Any CPU.Build.0 = Debug|Any CPU
		{6BC792EE-0436-494E-9F0C-63A3822320D0}.DebugCore|Any CPU.ActiveCfg = Debug|Any CPU
		{6BC792EE-0436-494E-9F0C-63A3822320D0}.DebugCore|Any CPU.Build.0 = Debug|Any CPU
		{6BC792EE-0436-494E-9F0C-63A3822320D0}.DebugFull|Any CPU.ActiveCfg = Debug|Any CPU
		{6BC792EE-0436-494E-9F0C-63A3822320D0}.DebugFull|Any CPU.Build.0 = Debug|Any CPU
		{6BC792EE-0436-494E-9F0C-63A3822320D0}.Release|Any CPU.ActiveCfg = Release|Any CPU
		{6BC792EE-0436-494E-9F0C-63A3822320D0}.Release|Any CPU.Build.0 = Release|Any CPU
		{6BC792EE-0436-494E-9F0C-63A3822320D0}.ReleaseCore|Any CPU.ActiveCfg = Release|Any CPU
		{6BC792EE-0436-494E-9F0C-63A3822320D0}.ReleaseCore|Any CPU.Build.0 = Release|Any CPU
		{6BC792EE-0436-494E-9F0C-63A3822320D0}.ReleaseFull|Any CPU.ActiveCfg = Release|Any CPU
		{6BC792EE-0436-494E-9F0C-63A3822320D0}.ReleaseFull|Any CPU.Build.0 = Release|Any CPU
		{D7562CC3-D48A-481D-B40C-07EE51EBBF50}.Debug|Any CPU.ActiveCfg = Debug|Any CPU
		{D7562CC3-D48A-481D-B40C-07EE51EBBF50}.DebugCore|Any CPU.ActiveCfg = Debug|Any CPU
		{D7562CC3-D48A-481D-B40C-07EE51EBBF50}.DebugFull|Any CPU.ActiveCfg = Debug|Any CPU
		{D7562CC3-D48A-481D-B40C-07EE51EBBF50}.Release|Any CPU.ActiveCfg = Release|Any CPU
		{D7562CC3-D48A-481D-B40C-07EE51EBBF50}.ReleaseCore|Any CPU.ActiveCfg = Release|Any CPU
		{D7562CC3-D48A-481D-B40C-07EE51EBBF50}.ReleaseFull|Any CPU.ActiveCfg = Release|Any CPU
		{79B39D08-DF06-47B8-B7EE-15E30EB9A209}.Debug|Any CPU.ActiveCfg = Debug|Any CPU
		{79B39D08-DF06-47B8-B7EE-15E30EB9A209}.DebugCore|Any CPU.ActiveCfg = Debug|Any CPU
		{79B39D08-DF06-47B8-B7EE-15E30EB9A209}.DebugFull|Any CPU.ActiveCfg = Debug|Any CPU
		{79B39D08-DF06-47B8-B7EE-15E30EB9A209}.Release|Any CPU.ActiveCfg = Release|Any CPU
		{79B39D08-DF06-47B8-B7EE-15E30EB9A209}.ReleaseCore|Any CPU.ActiveCfg = Release|Any CPU
		{79B39D08-DF06-47B8-B7EE-15E30EB9A209}.ReleaseFull|Any CPU.ActiveCfg = Release|Any CPU
		{5A3A6D71-03FF-44CC-92CD-C0977B592F8E}.Debug|Any CPU.ActiveCfg = Debug|Any CPU
		{5A3A6D71-03FF-44CC-92CD-C0977B592F8E}.Debug|Any CPU.Build.0 = Debug|Any CPU
		{5A3A6D71-03FF-44CC-92CD-C0977B592F8E}.DebugCore|Any CPU.ActiveCfg = Debug|Any CPU
		{5A3A6D71-03FF-44CC-92CD-C0977B592F8E}.DebugFull|Any CPU.ActiveCfg = DebugFull|Any CPU
		{5A3A6D71-03FF-44CC-92CD-C0977B592F8E}.DebugFull|Any CPU.Build.0 = DebugFull|Any CPU
		{5A3A6D71-03FF-44CC-92CD-C0977B592F8E}.Release|Any CPU.ActiveCfg = Release|Any CPU
		{5A3A6D71-03FF-44CC-92CD-C0977B592F8E}.Release|Any CPU.Build.0 = Release|Any CPU
		{5A3A6D71-03FF-44CC-92CD-C0977B592F8E}.ReleaseCore|Any CPU.ActiveCfg = Release|Any CPU
		{5A3A6D71-03FF-44CC-92CD-C0977B592F8E}.ReleaseFull|Any CPU.ActiveCfg = ReleaseFull|Any CPU
		{5A3A6D71-03FF-44CC-92CD-C0977B592F8E}.ReleaseFull|Any CPU.Build.0 = ReleaseFull|Any CPU
	EndGlobalSection
	GlobalSection(SolutionProperties) = preSolution
		HideSolutionNode = FALSE
	EndGlobalSection
	GlobalSection(NestedProjects) = preSolution
		{33D86EA2-2161-4EF0-8F17-59602296273C} = {DC5F5BC4-CDB0-41F7-8B03-CD4C38C8DEB2}
		{B517BBF2-60E6-4C69-885A-AE5C014D877B} = {DC5F5BC4-CDB0-41F7-8B03-CD4C38C8DEB2}
		{52D174E7-2407-4FC1-9DDA-4D9D14F18618} = {DC5F5BC4-CDB0-41F7-8B03-CD4C38C8DEB2}
		{6139CF19-0190-4ED5-AEE3-D3CE7458E517} = {DC5F5BC4-CDB0-41F7-8B03-CD4C38C8DEB2}
		{D2A7B5F5-8D33-45AC-9776-07C23F5859BB} = {DC5F5BC4-CDB0-41F7-8B03-CD4C38C8DEB2}
		{87D09BD4-119E-49C1-B0B4-86DF962A00EE} = {DC5F5BC4-CDB0-41F7-8B03-CD4C38C8DEB2}
		{6FF3E672-378C-4D61-B4CA-A5A5E01C2563} = {DC5F5BC4-CDB0-41F7-8B03-CD4C38C8DEB2}
		{3DB795A6-5FE8-447C-89B9-9E608285C6F8} = {2964BB90-4E6D-49ED-AA35-645D94337C76}
		{10FD3E08-53E8-42B2-8E4F-A5C23DEE3B96} = {3DB795A6-5FE8-447C-89B9-9E608285C6F8}
		{25D28099-E338-4543-B1DE-261439654CA6} = {3DB795A6-5FE8-447C-89B9-9E608285C6F8}
		{040FA938-BE24-4391-86BA-D04B331A787A} = {3DB795A6-5FE8-447C-89B9-9E608285C6F8}
		{07E9E91D-6593-4FF9-A266-270ED5241C98} = {2964BB90-4E6D-49ED-AA35-645D94337C76}
		{3207C90B-DB71-4293-8974-0795863C076B} = {2964BB90-4E6D-49ED-AA35-645D94337C76}
		{29A1A83E-51DC-4409-B29B-CDE7D65A1EF8} = {2964BB90-4E6D-49ED-AA35-645D94337C76}
		{5AB7D09F-5F98-465E-AB9D-07014F1DBC3F} = {2964BB90-4E6D-49ED-AA35-645D94337C76}
		{8D4D5502-4321-46A5-975B-C20BD745FC06} = {2964BB90-4E6D-49ED-AA35-645D94337C76}
		{E2409457-2BA1-47C8-B53B-CE712896FE6E} = {2964BB90-4E6D-49ED-AA35-645D94337C76}
		{7A774F1F-31D6-4D7F-90D5-9C4F387D2EEE} = {2964BB90-4E6D-49ED-AA35-645D94337C76}
		{816CD64D-7189-46E3-8C54-D4ED4C0BB758} = {DC5F5BC4-CDB0-41F7-8B03-CD4C38C8DEB2}
		{6563C4C6-411E-4D67-B458-830AD9B311D2} = {DC5F5BC4-CDB0-41F7-8B03-CD4C38C8DEB2}
		{7D7EA3FD-8D1A-4E07-B34C-5B2B86CAFCAA} = {DC5F5BC4-CDB0-41F7-8B03-CD4C38C8DEB2}
		{62719C63-ECED-49CD-B73C-6DAF2A18033B} = {DC5F5BC4-CDB0-41F7-8B03-CD4C38C8DEB2}
		{6BC792EE-0436-494E-9F0C-63A3822320D0} = {2964BB90-4E6D-49ED-AA35-645D94337C76}
	EndGlobalSection
	GlobalSection(ExtensibilityGlobals) = postSolution
		SolutionGuid = {160F773C-9CF5-4F8D-B45A-1112A1BC5E16}
	EndGlobalSection
	GlobalSection(TestCaseManagementSettings) = postSolution
		CategoryFile = Infer2.vsmdi
	EndGlobalSection
	GlobalSection(TextTemplating) = postSolution
		TextTemplating = 1
	EndGlobalSection
EndGlobal
