
Microsoft Visual Studio Solution File, Format Version 12.00
# Visual Studio 15
VisualStudioVersion = 15.0.27703.2035
MinimumVisualStudioVersion = 10.0.40219.1
Project("{FAE04EC0-301F-11D3-BF4B-00C04F79EFBC}") = "PrepareSource", "PrepareSource.csproj", "{35309643-E029-441E-B237-499212668A5D}"
EndProject
Global
	GlobalSection(SolutionConfigurationPlatforms) = preSolution
		Debug|Any CPU = Debug|Any CPU
		Release|Any CPU = Release|Any CPU
	EndGlobalSection
	GlobalSection(ProjectConfigurationPlatforms) = postSolution
		{35309643-E029-441E-B237-499212668A5D}.Debug|Any CPU.ActiveCfg = Debug|Any CPU
		{35309643-E029-441E-B237-499212668A5D}.Debug|Any CPU.Build.0 = Debug|Any CPU
		{35309643-E029-441E-B237-499212668A5D}.Release|Any CPU.ActiveCfg = Release|Any CPU
		{35309643-E029-441E-B237-499212668A5D}.Release|Any CPU.Build.0 = Release|Any CPU
	EndGlobalSection
	GlobalSection(SolutionProperties) = preSolution
		HideSolutionNode = FALSE
	EndGlobalSection
	GlobalSection(ExtensibilityGlobals) = postSolution
		SolutionGuid = {4CF38F85-5998-43B6-ACE4-A747D6EDC1A8}
	EndGlobalSection
EndGlobal
