
Microsoft Visual Studio Solution File, Format Version 12.00
# Visual Studio 15
VisualStudioVersion = 15.0.27703.2026
MinimumVisualStudioVersion = 10.0.40219.1
Project("{888888A0-9F3D-457C-B088-3A5042F75D52}") = "TestWrapper", "TestWrapper\TestWrapper.pyproj", "{9234127E-FBC0-4587-BAD9-65727458CC0F}"
EndProject
Global
	GlobalSection(SolutionConfigurationPlatforms) = preSolution
		Debug|Any CPU = Debug|Any CPU
		Release|Any CPU = Release|Any CPU
	EndGlobalSection
	GlobalSection(ProjectConfigurationPlatforms) = postSolution
		{9234127E-FBC0-4587-BAD9-65727458CC0F}.Debug|Any CPU.ActiveCfg = Debug|Any CPU
		{9234127E-FBC0-4587-BAD9-65727458CC0F}.Release|Any CPU.ActiveCfg = Release|Any CPU
	EndGlobalSection
	GlobalSection(SolutionProperties) = preSolution
		HideSolutionNode = FALSE
	EndGlobalSection
	GlobalSection(ExtensibilityGlobals) = postSolution
		SolutionGuid = {D9CED79C-9AF2-47AB-B9B5-129C305E38F3}
	EndGlobalSection
EndGlobal
